
Microsoft Visual Studio Solution File, Format Version 12.00
# Visual Studio 14
VisualStudioVersion = 14.0.25420.1
MinimumVisualStudioVersion = 10.0.40219.1
Project("{8BC9CEB8-8B4A-11D0-8D11-00A0C91BC942}") = "MyLib", "MyLib\MyLib.vcxproj", "{E336C10F-57AD-4F4D-B637-E2401F53F05C}"
EndProject
Project("{8BC9CEB8-8B4A-11D0-8D11-00A0C91BC942}") = "MyLibWrapper", "..\MyLibWrapper\MyLibWrapper.vcxproj", "{EDC6C080-C6BC-4E07-A1C1-9ED3950B8783}"
EndProject
Project("{FAE04EC0-301F-11D3-BF4B-00C04F79EFBC}") = "MyLibConsole", "..\MyLibConsole\MyLibConsole.csproj", "{F5F316FF-3D01-4AD2-83F9-05156F086048}"
EndProject
Project("{8BC9CEB8-8B4A-11D0-8D11-00A0C91BC942}") = "AirLib", "..\..\AirSim\AirLib\AirLib.vcxproj", "{4BFB7231-077A-4671-BD21-D3ADE3EA36E7}"
EndProject
Global
	GlobalSection(SolutionConfigurationPlatforms) = preSolution
		Debug|Any CPU = Debug|Any CPU
		Debug|x64 = Debug|x64
		Debug|x86 = Debug|x86
		Release|Any CPU = Release|Any CPU
		Release|x64 = Release|x64
		Release|x86 = Release|x86
	EndGlobalSection
	GlobalSection(ProjectConfigurationPlatforms) = postSolution
		{E336C10F-57AD-4F4D-B637-E2401F53F05C}.Debug|Any CPU.ActiveCfg = Debug|Win32
		{E336C10F-57AD-4F4D-B637-E2401F53F05C}.Debug|x64.ActiveCfg = Debug|x64
		{E336C10F-57AD-4F4D-B637-E2401F53F05C}.Debug|x64.Build.0 = Debug|x64
		{E336C10F-57AD-4F4D-B637-E2401F53F05C}.Debug|x86.ActiveCfg = Debug|Win32
		{E336C10F-57AD-4F4D-B637-E2401F53F05C}.Debug|x86.Build.0 = Debug|Win32
		{E336C10F-57AD-4F4D-B637-E2401F53F05C}.Release|Any CPU.ActiveCfg = Release|Win32
		{E336C10F-57AD-4F4D-B637-E2401F53F05C}.Release|x64.ActiveCfg = Release|x64
		{E336C10F-57AD-4F4D-B637-E2401F53F05C}.Release|x64.Build.0 = Release|x64
		{E336C10F-57AD-4F4D-B637-E2401F53F05C}.Release|x86.ActiveCfg = Release|Win32
		{E336C10F-57AD-4F4D-B637-E2401F53F05C}.Release|x86.Build.0 = Release|Win32
		{EDC6C080-C6BC-4E07-A1C1-9ED3950B8783}.Debug|Any CPU.ActiveCfg = Debug|Win32
		{EDC6C080-C6BC-4E07-A1C1-9ED3950B8783}.Debug|x64.ActiveCfg = Debug|x64
		{EDC6C080-C6BC-4E07-A1C1-9ED3950B8783}.Debug|x64.Build.0 = Debug|x64
		{EDC6C080-C6BC-4E07-A1C1-9ED3950B8783}.Debug|x86.ActiveCfg = Debug|Win32
		{EDC6C080-C6BC-4E07-A1C1-9ED3950B8783}.Debug|x86.Build.0 = Debug|Win32
		{EDC6C080-C6BC-4E07-A1C1-9ED3950B8783}.Release|Any CPU.ActiveCfg = Release|Win32
		{EDC6C080-C6BC-4E07-A1C1-9ED3950B8783}.Release|x64.ActiveCfg = Release|x64
		{EDC6C080-C6BC-4E07-A1C1-9ED3950B8783}.Release|x64.Build.0 = Release|x64
		{EDC6C080-C6BC-4E07-A1C1-9ED3950B8783}.Release|x86.ActiveCfg = Release|Win32
		{EDC6C080-C6BC-4E07-A1C1-9ED3950B8783}.Release|x86.Build.0 = Release|Win32
		{F5F316FF-3D01-4AD2-83F9-05156F086048}.Debug|Any CPU.ActiveCfg = Debug|Any CPU
		{F5F316FF-3D01-4AD2-83F9-05156F086048}.Debug|Any CPU.Build.0 = Debug|Any CPU
		{F5F316FF-3D01-4AD2-83F9-05156F086048}.Debug|x64.ActiveCfg = Debug|Any CPU
		{F5F316FF-3D01-4AD2-83F9-05156F086048}.Debug|x64.Build.0 = Debug|Any CPU
		{F5F316FF-3D01-4AD2-83F9-05156F086048}.Debug|x86.ActiveCfg = Debug|Any CPU
		{F5F316FF-3D01-4AD2-83F9-05156F086048}.Debug|x86.Build.0 = Debug|Any CPU
		{F5F316FF-3D01-4AD2-83F9-05156F086048}.Release|Any CPU.ActiveCfg = Release|Any CPU
		{F5F316FF-3D01-4AD2-83F9-05156F086048}.Release|Any CPU.Build.0 = Release|Any CPU
		{F5F316FF-3D01-4AD2-83F9-05156F086048}.Release|x64.ActiveCfg = Release|Any CPU
		{F5F316FF-3D01-4AD2-83F9-05156F086048}.Release|x64.Build.0 = Release|Any CPU
		{F5F316FF-3D01-4AD2-83F9-05156F086048}.Release|x86.ActiveCfg = Release|Any CPU
		{F5F316FF-3D01-4AD2-83F9-05156F086048}.Release|x86.Build.0 = Release|Any CPU
		{4BFB7231-077A-4671-BD21-D3ADE3EA36E7}.Debug|Any CPU.ActiveCfg = Debug|Win32
		{4BFB7231-077A-4671-BD21-D3ADE3EA36E7}.Debug|x64.ActiveCfg = Debug|x64
		{4BFB7231-077A-4671-BD21-D3ADE3EA36E7}.Debug|x64.Build.0 = Debug|x64
		{4BFB7231-077A-4671-BD21-D3ADE3EA36E7}.Debug|x86.ActiveCfg = Debug|Win32
		{4BFB7231-077A-4671-BD21-D3ADE3EA36E7}.Debug|x86.Build.0 = Debug|Win32
		{4BFB7231-077A-4671-BD21-D3ADE3EA36E7}.Release|Any CPU.ActiveCfg = Release|Win32
		{4BFB7231-077A-4671-BD21-D3ADE3EA36E7}.Release|x64.ActiveCfg = Release|x64
		{4BFB7231-077A-4671-BD21-D3ADE3EA36E7}.Release|x64.Build.0 = Release|x64
		{4BFB7231-077A-4671-BD21-D3ADE3EA36E7}.Release|x86.ActiveCfg = Release|Win32
		{4BFB7231-077A-4671-BD21-D3ADE3EA36E7}.Release|x86.Build.0 = Release|Win32
	EndGlobalSection
	GlobalSection(SolutionProperties) = preSolution
		HideSolutionNode = FALSE
	EndGlobalSection
EndGlobal
